
Microsoft Visual Studio Solution File, Format Version 12.00
# Visual Studio Version 17
VisualStudioVersion = 17.0.31612.314
MinimumVisualStudioVersion = 10.0.40219.1
Project("{FAE04EC0-301F-11D3-BF4B-00C04F79EFBC}") = "Parallel", "Parallel\Parallel.csproj", "{7660AE88-C975-4646-B33A-83B2841D3ADD}"
EndProject
Global
	GlobalSection(SolutionConfigurationPlatforms) = preSolution
		Debug|Any CPU = Debug|Any CPU
		Release|Any CPU = Release|Any CPU
	EndGlobalSection
	GlobalSection(ProjectConfigurationPlatforms) = postSolution
		{7660AE88-C975-4646-B33A-83B2841D3ADD}.Debug|Any CPU.ActiveCfg = Debug|Any CPU
		{7660AE88-C975-4646-B33A-83B2841D3ADD}.Debug|Any CPU.Build.0 = Debug|Any CPU
		{7660AE88-C975-4646-B33A-83B2841D3ADD}.Release|Any CPU.ActiveCfg = Release|Any CPU
		{7660AE88-C975-4646-B33A-83B2841D3ADD}.Release|Any CPU.Build.0 = Release|Any CPU
	EndGlobalSection
	GlobalSection(SolutionProperties) = preSolution
		HideSolutionNode = FALSE
	EndGlobalSection
	GlobalSection(ExtensibilityGlobals) = postSolution
		SolutionGuid = {FEFA032F-B8B4-4A91-A559-ADBD83D62772}
	EndGlobalSection
EndGlobal
